
Microsoft Visual Studio Solution File, Format Version 12.00
# Visual Studio Version 17
VisualStudioVersion = 17.2.32602.215
MinimumVisualStudioVersion = 10.0.40219.1
Project("{9A19103F-16F7-4668-BE54-9A1E7A4F7556}") = "PurchaseAPI", "PurchaseAPI\PurchaseAPI.csproj", "{88B55E58-F4DB-4AD3-82C3-FF34C1BF3C5A}"
EndProject
Project("{9A19103F-16F7-4668-BE54-9A1E7A4F7556}") = "CommonLibrary", "CommonLibrary\CommonLibrary.csproj", "{2F40ECB7-D4DC-4D33-9917-CBF086DB83D5}"
EndProject
Project("{9A19103F-16F7-4668-BE54-9A1E7A4F7556}") = "Gateway", "Gateway\Gateway.csproj", "{1D2D7564-E179-40DF-AFC9-242C5353947C}"
EndProject
Project("{9A19103F-16F7-4668-BE54-9A1E7A4F7556}") = "PurchaseAPI_2", "..\PurchaseAPI\PurchaseAPI_2.csproj", "{858F6531-5EB2-471A-87EC-958BC361C183}"
EndProject
Project("{FAE04EC0-301F-11D3-BF4B-00C04F79EFBC}") = "Authenticate", "Authenticate\Authenticate.csproj", "{D42E3D6B-0FC8-48C1-B928-D8C52A5BFE70}"
EndProject
Global
	GlobalSection(SolutionConfigurationPlatforms) = preSolution
		Debug|Any CPU = Debug|Any CPU
		Release|Any CPU = Release|Any CPU
	EndGlobalSection
	GlobalSection(ProjectConfigurationPlatforms) = postSolution
		{88B55E58-F4DB-4AD3-82C3-FF34C1BF3C5A}.Debug|Any CPU.ActiveCfg = Debug|Any CPU
		{88B55E58-F4DB-4AD3-82C3-FF34C1BF3C5A}.Debug|Any CPU.Build.0 = Debug|Any CPU
		{88B55E58-F4DB-4AD3-82C3-FF34C1BF3C5A}.Release|Any CPU.ActiveCfg = Release|Any CPU
		{88B55E58-F4DB-4AD3-82C3-FF34C1BF3C5A}.Release|Any CPU.Build.0 = Release|Any CPU
		{2F40ECB7-D4DC-4D33-9917-CBF086DB83D5}.Debug|Any CPU.ActiveCfg = Debug|Any CPU
		{2F40ECB7-D4DC-4D33-9917-CBF086DB83D5}.Debug|Any CPU.Build.0 = Debug|Any CPU
		{2F40ECB7-D4DC-4D33-9917-CBF086DB83D5}.Release|Any CPU.ActiveCfg = Release|Any CPU
		{2F40ECB7-D4DC-4D33-9917-CBF086DB83D5}.Release|Any CPU.Build.0 = Release|Any CPU
		{1D2D7564-E179-40DF-AFC9-242C5353947C}.Debug|Any CPU.ActiveCfg = Debug|Any CPU
		{1D2D7564-E179-40DF-AFC9-242C5353947C}.Debug|Any CPU.Build.0 = Debug|Any CPU
		{1D2D7564-E179-40DF-AFC9-242C5353947C}.Release|Any CPU.ActiveCfg = Release|Any CPU
		{1D2D7564-E179-40DF-AFC9-242C5353947C}.Release|Any CPU.Build.0 = Release|Any CPU
		{858F6531-5EB2-471A-87EC-958BC361C183}.Debug|Any CPU.ActiveCfg = Debug|Any CPU
		{858F6531-5EB2-471A-87EC-958BC361C183}.Debug|Any CPU.Build.0 = Debug|Any CPU
		{858F6531-5EB2-471A-87EC-958BC361C183}.Release|Any CPU.ActiveCfg = Release|Any CPU
		{858F6531-5EB2-471A-87EC-958BC361C183}.Release|Any CPU.Build.0 = Release|Any CPU
		{D42E3D6B-0FC8-48C1-B928-D8C52A5BFE70}.Debug|Any CPU.ActiveCfg = Debug|Any CPU
		{D42E3D6B-0FC8-48C1-B928-D8C52A5BFE70}.Debug|Any CPU.Build.0 = Debug|Any CPU
		{D42E3D6B-0FC8-48C1-B928-D8C52A5BFE70}.Release|Any CPU.ActiveCfg = Release|Any CPU
		{D42E3D6B-0FC8-48C1-B928-D8C52A5BFE70}.Release|Any CPU.Build.0 = Release|Any CPU
	EndGlobalSection
	GlobalSection(SolutionProperties) = preSolution
		HideSolutionNode = FALSE
	EndGlobalSection
	GlobalSection(ExtensibilityGlobals) = postSolution
		SolutionGuid = {A9FAF6EC-AFAB-4758-BD59-9D8E025A684B}
	EndGlobalSection
EndGlobal
